
Microsoft Visual Studio Solution File, Format Version 12.00
# Visual Studio Version 17
VisualStudioVersion = 17.11.35303.130
MinimumVisualStudioVersion = 10.0.40219.1
Project("{FAE04EC0-301F-11D3-BF4B-00C04F79EFBC}") = "HTTPWebForm", "HTTPWebForm\HTTPWebForm.csproj", "{FE289081-2A12-45FC-AFB5-060D79DF2C73}"
EndProject
Global
	GlobalSection(SolutionConfigurationPlatforms) = preSolution
		Debug|Any CPU = Debug|Any CPU
		Release|Any CPU = Release|Any CPU
	EndGlobalSection
	GlobalSection(ProjectConfigurationPlatforms) = postSolution
		{FE289081-2A12-45FC-AFB5-060D79DF2C73}.Debug|Any CPU.ActiveCfg = Debug|Any CPU
		{FE289081-2A12-45FC-AFB5-060D79DF2C73}.Debug|Any CPU.Build.0 = Debug|Any CPU
		{FE289081-2A12-45FC-AFB5-060D79DF2C73}.Release|Any CPU.ActiveCfg = Release|Any CPU
		{FE289081-2A12-45FC-AFB5-060D79DF2C73}.Release|Any CPU.Build.0 = Release|Any CPU
	EndGlobalSection
	GlobalSection(SolutionProperties) = preSolution
		HideSolutionNode = FALSE
	EndGlobalSection
	GlobalSection(ExtensibilityGlobals) = postSolution
		SolutionGuid = {988CF45C-DCE9-4E43-9CD8-A87C0CDFECD7}
	EndGlobalSection
EndGlobal
